
Microsoft Visual Studio Solution File, Format Version 12.00
# Visual Studio Version 17
VisualStudioVersion = 17.11.35327.3
MinimumVisualStudioVersion = 10.0.40219.1
Project("{FAE04EC0-301F-11D3-BF4B-00C04F79EFBC}") = "GeradorDeSenhas", "GeradorDeSenhas\GeradorDeSenhas.csproj", "{298B37DC-7C99-4E0B-BE24-998E3FC39F4C}"
EndProject
Global
	GlobalSection(SolutionConfigurationPlatforms) = preSolution
		Debug|Any CPU = Debug|Any CPU
		Release|Any CPU = Release|Any CPU
	EndGlobalSection
	GlobalSection(ProjectConfigurationPlatforms) = postSolution
		{298B37DC-7C99-4E0B-BE24-998E3FC39F4C}.Debug|Any CPU.ActiveCfg = Debug|Any CPU
		{298B37DC-7C99-4E0B-BE24-998E3FC39F4C}.Debug|Any CPU.Build.0 = Debug|Any CPU
		{298B37DC-7C99-4E0B-BE24-998E3FC39F4C}.Release|Any CPU.ActiveCfg = Release|Any CPU
		{298B37DC-7C99-4E0B-BE24-998E3FC39F4C}.Release|Any CPU.Build.0 = Release|Any CPU
	EndGlobalSection
	GlobalSection(SolutionProperties) = preSolution
		HideSolutionNode = FALSE
	EndGlobalSection
	GlobalSection(ExtensibilityGlobals) = postSolution
		SolutionGuid = {53DF10C6-7F0F-4136-8F86-030D42030394}
	EndGlobalSection
EndGlobal
